
Microsoft Visual Studio Solution File, Format Version 12.00
# Visual Studio Version 17
VisualStudioVersion = 17.9.34728.123
MinimumVisualStudioVersion = 10.0.40219.1
Project("{9A19103F-16F7-4668-BE54-9A1E7A4F7556}") = "Single.Responsability.Principle.SRP", "Single.Responsability.Principle.SRP\Single.Responsability.Principle.SRP.csproj", "{C8AF27B5-2195-45AD-96DE-7EB9672DC709}"
EndProject
Project("{9A19103F-16F7-4668-BE54-9A1E7A4F7556}") = "Open-Closed.Principle.OCP", "Open-Closed.Principle.OCP\Open-Closed.Principle.OCP.csproj", "{71E9C225-BCBC-4568-A0E2-3FB3302B14F1}"
EndProject
Project("{FAE04EC0-301F-11D3-BF4B-00C04F79EFBC}") = "Liskov.Substitution.Principle.LSP", "Liskov.Substitution.Principle.LSP\Liskov.Substitution.Principle.LSP.csproj", "{C065926C-BEE3-42EC-8E8A-EE26BF881C66}"
EndProject
Project("{FAE04EC0-301F-11D3-BF4B-00C04F79EFBC}") = "Interface.Segregation.Principle.ISP", "Interface.Segregation.Principle.ISP\Interface.Segregation.Principle.ISP.csproj", "{AD532455-83E2-4B92-84F6-04D5ADA62FB5}"
EndProject
Global
	GlobalSection(SolutionConfigurationPlatforms) = preSolution
		Debug|Any CPU = Debug|Any CPU
		Release|Any CPU = Release|Any CPU
	EndGlobalSection
	GlobalSection(ProjectConfigurationPlatforms) = postSolution
		{C8AF27B5-2195-45AD-96DE-7EB9672DC709}.Debug|Any CPU.ActiveCfg = Debug|Any CPU
		{C8AF27B5-2195-45AD-96DE-7EB9672DC709}.Debug|Any CPU.Build.0 = Debug|Any CPU
		{C8AF27B5-2195-45AD-96DE-7EB9672DC709}.Release|Any CPU.ActiveCfg = Release|Any CPU
		{C8AF27B5-2195-45AD-96DE-7EB9672DC709}.Release|Any CPU.Build.0 = Release|Any CPU
		{71E9C225-BCBC-4568-A0E2-3FB3302B14F1}.Debug|Any CPU.ActiveCfg = Debug|Any CPU
		{71E9C225-BCBC-4568-A0E2-3FB3302B14F1}.Debug|Any CPU.Build.0 = Debug|Any CPU
		{71E9C225-BCBC-4568-A0E2-3FB3302B14F1}.Release|Any CPU.ActiveCfg = Release|Any CPU
		{71E9C225-BCBC-4568-A0E2-3FB3302B14F1}.Release|Any CPU.Build.0 = Release|Any CPU
		{C065926C-BEE3-42EC-8E8A-EE26BF881C66}.Debug|Any CPU.ActiveCfg = Debug|Any CPU
		{C065926C-BEE3-42EC-8E8A-EE26BF881C66}.Debug|Any CPU.Build.0 = Debug|Any CPU
		{C065926C-BEE3-42EC-8E8A-EE26BF881C66}.Release|Any CPU.ActiveCfg = Release|Any CPU
		{C065926C-BEE3-42EC-8E8A-EE26BF881C66}.Release|Any CPU.Build.0 = Release|Any CPU
		{AD532455-83E2-4B92-84F6-04D5ADA62FB5}.Debug|Any CPU.ActiveCfg = Debug|Any CPU
		{AD532455-83E2-4B92-84F6-04D5ADA62FB5}.Debug|Any CPU.Build.0 = Debug|Any CPU
		{AD532455-83E2-4B92-84F6-04D5ADA62FB5}.Release|Any CPU.ActiveCfg = Release|Any CPU
		{AD532455-83E2-4B92-84F6-04D5ADA62FB5}.Release|Any CPU.Build.0 = Release|Any CPU
	EndGlobalSection
	GlobalSection(SolutionProperties) = preSolution
		HideSolutionNode = FALSE
	EndGlobalSection
	GlobalSection(ExtensibilityGlobals) = postSolution
		SolutionGuid = {5FD8F30F-1440-4D86-AA10-1B7149A7BEF6}
	EndGlobalSection
EndGlobal
